
Microsoft Visual Studio Solution File, Format Version 12.00
# Visual Studio Version 16
VisualStudioVersion = 16.0.30406.217
MinimumVisualStudioVersion = 10.0.40219.1
Project("{FAE04EC0-301F-11D3-BF4B-00C04F79EFBC}") = "Personnummer", "Personnummer.csproj", "{1DF6142C-A273-4F34-8C44-14C8C04FC5DF}"
EndProject
Global
	GlobalSection(SolutionConfigurationPlatforms) = preSolution
		Debug|Any CPU = Debug|Any CPU
		Release|Any CPU = Release|Any CPU
	EndGlobalSection
	GlobalSection(ProjectConfigurationPlatforms) = postSolution
		{1DF6142C-A273-4F34-8C44-14C8C04FC5DF}.Debug|Any CPU.ActiveCfg = Debug|Any CPU
		{1DF6142C-A273-4F34-8C44-14C8C04FC5DF}.Debug|Any CPU.Build.0 = Debug|Any CPU
		{1DF6142C-A273-4F34-8C44-14C8C04FC5DF}.Release|Any CPU.ActiveCfg = Release|Any CPU
		{1DF6142C-A273-4F34-8C44-14C8C04FC5DF}.Release|Any CPU.Build.0 = Release|Any CPU
	EndGlobalSection
	GlobalSection(SolutionProperties) = preSolution
		HideSolutionNode = FALSE
	EndGlobalSection
	GlobalSection(ExtensibilityGlobals) = postSolution
		SolutionGuid = {CC23E66C-2B80-4CA1-B468-52AB8177FD89}
	EndGlobalSection
EndGlobal
